<?xml version="1.0" encoding="utf-8"?>
<Project ToolsVersion="4.0" xmlns="http://schemas.microsoft.com/developer/msbuild/2003">
  <ItemGroup>
    <Filter Include="Source Files">
      <UniqueIdentifier>{4FC737F1-C7A5-4376-A066-2A32D752A2FF}</UniqueIdentifier>
      <Extensions>cpp;c;cc;cxx;c++;cppm;ixx;def;odl;idl;hpj;bat;asm;asmx</Extensions>
    </Filter>
    <Filter Include="modules">
      <UniqueIdentifier>{0b96274f-25ac-48dd-9347-b7b1a68ffc58}</UniqueIdentifier>
    </Filter>
    <Filter Include="tests">
      <UniqueIdentifier>{5ab44d0b-58b0-49e4-9b57-52ef221e8cb9}</UniqueIdentifier>
    </Filter>
  </ItemGroup>
  <ItemGroup>
    <ClCompile Include="main.cpp">
      <Filter>Source Files</Filter>
    </ClCompile>
    <ClCompile Include="..\calculator\Lexer.cpp">
      <Filter>modules</Filter>
    </ClCompile>
    <ClCompile Include="LexerTests.cpp">
      <Filter>tests</Filter>
    </ClCompile>
    <ClCompile Include="..\calculator\Syntax.cpp">
      <Filter>modules</Filter>
    </ClCompile>
    <ClCompile Include="..\calculator\Token.cpp">
      <Filter>modules</Filter>
    </ClCompile>
  </ItemGroup>
  <ItemGroup>
    <ClInclude Include="..\calculator\Lexer.h">
      <Filter>modules</Filter>
    </ClInclude>
    <ClInclude Include="..\calculator\Syntax.h">
      <Filter>modules</Filter>
    </ClInclude>
    <ClInclude Include="..\calculator\Token.h">
      <Filter>modules</Filter>
    </ClInclude>
    <ClInclude Include="..\calculator\TokenType.h">
      <Filter>modules</Filter>
    </ClInclude>
  </ItemGroup>
</Project>